
Microsoft Visual Studio Solution File, Format Version 12.00
# Visual Studio Version 17
VisualStudioVersion = 17.5.002.0
MinimumVisualStudioVersion = 10.0.40219.1
Project("{9A19103F-16F7-4668-BE54-9A1E7A4F7556}") = "loginDemo", "loginDemo\loginDemo.csproj", "{DACD21A4-D95D-42BC-9632-A0D5F47C99AA}"
EndProject
Global
	GlobalSection(SolutionConfigurationPlatforms) = preSolution
		Debug|Any CPU = Debug|Any CPU
		Release|Any CPU = Release|Any CPU
	EndGlobalSection
	GlobalSection(ProjectConfigurationPlatforms) = postSolution
		{DACD21A4-D95D-42BC-9632-A0D5F47C99AA}.Debug|Any CPU.ActiveCfg = Debug|Any CPU
		{DACD21A4-D95D-42BC-9632-A0D5F47C99AA}.Debug|Any CPU.Build.0 = Debug|Any CPU
		{DACD21A4-D95D-42BC-9632-A0D5F47C99AA}.Release|Any CPU.ActiveCfg = Release|Any CPU
		{DACD21A4-D95D-42BC-9632-A0D5F47C99AA}.Release|Any CPU.Build.0 = Release|Any CPU
	EndGlobalSection
	GlobalSection(SolutionProperties) = preSolution
		HideSolutionNode = FALSE
	EndGlobalSection
	GlobalSection(ExtensibilityGlobals) = postSolution
		SolutionGuid = {FD61D7D6-329B-41A3-9CCB-38DD39789029}
	EndGlobalSection
EndGlobal
